
Microsoft Visual Studio Solution File, Format Version 12.00
# Visual Studio 2013
VisualStudioVersion = 12.0.40629.0
MinimumVisualStudioVersion = 10.0.40219.1
Project("{FAE04EC0-301F-11D3-BF4B-00C04F79EFBC}") = "AccessModel", "AccessModel\AccessModel.csproj", "{10F2D635-5741-49C7-A9FE-A6964E4AD26F}"
EndProject
Project("{FAE04EC0-301F-11D3-BF4B-00C04F79EFBC}") = "AccessDAL", "AccessDAL\AccessDAL.csproj", "{343FB581-EDE3-4D08-B1C0-F401EE13A04F}"
EndProject
Project("{FAE04EC0-301F-11D3-BF4B-00C04F79EFBC}") = "AccessBLL", "AccessBLL\AccessBLL.csproj", "{89AB0D93-77BB-453E-8B7C-33214AF6BA68}"
EndProject
Project("{FAE04EC0-301F-11D3-BF4B-00C04F79EFBC}") = "AccessTool", "AccessTool\AccessTool.csproj", "{809D7350-91EC-4BE3-BE87-3531FFC53203}"
EndProject
Project("{FAE04EC0-301F-11D3-BF4B-00C04F79EFBC}") = "UnitTest", "UnitTest\UnitTest.csproj", "{8D41DC3B-5838-4765-B75D-0E2FC4BE2BA8}"
EndProject
Project("{FAE04EC0-301F-11D3-BF4B-00C04F79EFBC}") = "AccessUI", "AccessUI\AccessUI.csproj", "{97B4B6C0-15D3-4F0A-9913-50E217DA782A}"
EndProject
Global
	GlobalSection(SolutionConfigurationPlatforms) = preSolution
		CD_ROM|Any CPU = CD_ROM|Any CPU
		Debug|Any CPU = Debug|Any CPU
		DVD-5|Any CPU = DVD-5|Any CPU
		Release|Any CPU = Release|Any CPU
		SingleImage|Any CPU = SingleImage|Any CPU
	EndGlobalSection
	GlobalSection(ProjectConfigurationPlatforms) = postSolution
		{10F2D635-5741-49C7-A9FE-A6964E4AD26F}.CD_ROM|Any CPU.ActiveCfg = Release|Any CPU
		{10F2D635-5741-49C7-A9FE-A6964E4AD26F}.CD_ROM|Any CPU.Build.0 = Release|Any CPU
		{10F2D635-5741-49C7-A9FE-A6964E4AD26F}.Debug|Any CPU.ActiveCfg = Debug|Any CPU
		{10F2D635-5741-49C7-A9FE-A6964E4AD26F}.Debug|Any CPU.Build.0 = Debug|Any CPU
		{10F2D635-5741-49C7-A9FE-A6964E4AD26F}.DVD-5|Any CPU.ActiveCfg = Debug|Any CPU
		{10F2D635-5741-49C7-A9FE-A6964E4AD26F}.DVD-5|Any CPU.Build.0 = Debug|Any CPU
		{10F2D635-5741-49C7-A9FE-A6964E4AD26F}.Release|Any CPU.ActiveCfg = Release|Any CPU
		{10F2D635-5741-49C7-A9FE-A6964E4AD26F}.Release|Any CPU.Build.0 = Release|Any CPU
		{10F2D635-5741-49C7-A9FE-A6964E4AD26F}.SingleImage|Any CPU.ActiveCfg = Release|Any CPU
		{10F2D635-5741-49C7-A9FE-A6964E4AD26F}.SingleImage|Any CPU.Build.0 = Release|Any CPU
		{343FB581-EDE3-4D08-B1C0-F401EE13A04F}.CD_ROM|Any CPU.ActiveCfg = Release|Any CPU
		{343FB581-EDE3-4D08-B1C0-F401EE13A04F}.CD_ROM|Any CPU.Build.0 = Release|Any CPU
		{343FB581-EDE3-4D08-B1C0-F401EE13A04F}.Debug|Any CPU.ActiveCfg = Debug|Any CPU
		{343FB581-EDE3-4D08-B1C0-F401EE13A04F}.Debug|Any CPU.Build.0 = Debug|Any CPU
		{343FB581-EDE3-4D08-B1C0-F401EE13A04F}.DVD-5|Any CPU.ActiveCfg = Debug|Any CPU
		{343FB581-EDE3-4D08-B1C0-F401EE13A04F}.DVD-5|Any CPU.Build.0 = Debug|Any CPU
		{343FB581-EDE3-4D08-B1C0-F401EE13A04F}.Release|Any CPU.ActiveCfg = Release|Any CPU
		{343FB581-EDE3-4D08-B1C0-F401EE13A04F}.Release|Any CPU.Build.0 = Release|Any CPU
		{343FB581-EDE3-4D08-B1C0-F401EE13A04F}.SingleImage|Any CPU.ActiveCfg = Release|Any CPU
		{343FB581-EDE3-4D08-B1C0-F401EE13A04F}.SingleImage|Any CPU.Build.0 = Release|Any CPU
		{89AB0D93-77BB-453E-8B7C-33214AF6BA68}.CD_ROM|Any CPU.ActiveCfg = Release|Any CPU
		{89AB0D93-77BB-453E-8B7C-33214AF6BA68}.CD_ROM|Any CPU.Build.0 = Release|Any CPU
		{89AB0D93-77BB-453E-8B7C-33214AF6BA68}.Debug|Any CPU.ActiveCfg = Debug|Any CPU
		{89AB0D93-77BB-453E-8B7C-33214AF6BA68}.Debug|Any CPU.Build.0 = Debug|Any CPU
		{89AB0D93-77BB-453E-8B7C-33214AF6BA68}.DVD-5|Any CPU.ActiveCfg = Debug|Any CPU
		{89AB0D93-77BB-453E-8B7C-33214AF6BA68}.DVD-5|Any CPU.Build.0 = Debug|Any CPU
		{89AB0D93-77BB-453E-8B7C-33214AF6BA68}.Release|Any CPU.ActiveCfg = Release|Any CPU
		{89AB0D93-77BB-453E-8B7C-33214AF6BA68}.Release|Any CPU.Build.0 = Release|Any CPU
		{89AB0D93-77BB-453E-8B7C-33214AF6BA68}.SingleImage|Any CPU.ActiveCfg = Release|Any CPU
		{89AB0D93-77BB-453E-8B7C-33214AF6BA68}.SingleImage|Any CPU.Build.0 = Release|Any CPU
		{809D7350-91EC-4BE3-BE87-3531FFC53203}.CD_ROM|Any CPU.ActiveCfg = Release|Any CPU
		{809D7350-91EC-4BE3-BE87-3531FFC53203}.CD_ROM|Any CPU.Build.0 = Release|Any CPU
		{809D7350-91EC-4BE3-BE87-3531FFC53203}.Debug|Any CPU.ActiveCfg = Debug|Any CPU
		{809D7350-91EC-4BE3-BE87-3531FFC53203}.Debug|Any CPU.Build.0 = Debug|Any CPU
		{809D7350-91EC-4BE3-BE87-3531FFC53203}.DVD-5|Any CPU.ActiveCfg = Debug|Any CPU
		{809D7350-91EC-4BE3-BE87-3531FFC53203}.DVD-5|Any CPU.Build.0 = Debug|Any CPU
		{809D7350-91EC-4BE3-BE87-3531FFC53203}.Release|Any CPU.ActiveCfg = Release|Any CPU
		{809D7350-91EC-4BE3-BE87-3531FFC53203}.Release|Any CPU.Build.0 = Release|Any CPU
		{809D7350-91EC-4BE3-BE87-3531FFC53203}.SingleImage|Any CPU.ActiveCfg = Release|Any CPU
		{809D7350-91EC-4BE3-BE87-3531FFC53203}.SingleImage|Any CPU.Build.0 = Release|Any CPU
		{8D41DC3B-5838-4765-B75D-0E2FC4BE2BA8}.CD_ROM|Any CPU.ActiveCfg = Release|Any CPU
		{8D41DC3B-5838-4765-B75D-0E2FC4BE2BA8}.CD_ROM|Any CPU.Build.0 = Release|Any CPU
		{8D41DC3B-5838-4765-B75D-0E2FC4BE2BA8}.Debug|Any CPU.ActiveCfg = Debug|Any CPU
		{8D41DC3B-5838-4765-B75D-0E2FC4BE2BA8}.Debug|Any CPU.Build.0 = Debug|Any CPU
		{8D41DC3B-5838-4765-B75D-0E2FC4BE2BA8}.DVD-5|Any CPU.ActiveCfg = Debug|Any CPU
		{8D41DC3B-5838-4765-B75D-0E2FC4BE2BA8}.DVD-5|Any CPU.Build.0 = Debug|Any CPU
		{8D41DC3B-5838-4765-B75D-0E2FC4BE2BA8}.Release|Any CPU.ActiveCfg = Release|Any CPU
		{8D41DC3B-5838-4765-B75D-0E2FC4BE2BA8}.Release|Any CPU.Build.0 = Release|Any CPU
		{8D41DC3B-5838-4765-B75D-0E2FC4BE2BA8}.SingleImage|Any CPU.ActiveCfg = Release|Any CPU
		{8D41DC3B-5838-4765-B75D-0E2FC4BE2BA8}.SingleImage|Any CPU.Build.0 = Release|Any CPU
		{97B4B6C0-15D3-4F0A-9913-50E217DA782A}.CD_ROM|Any CPU.ActiveCfg = Release|Any CPU
		{97B4B6C0-15D3-4F0A-9913-50E217DA782A}.CD_ROM|Any CPU.Build.0 = Release|Any CPU
		{97B4B6C0-15D3-4F0A-9913-50E217DA782A}.Debug|Any CPU.ActiveCfg = Debug|Any CPU
		{97B4B6C0-15D3-4F0A-9913-50E217DA782A}.Debug|Any CPU.Build.0 = Debug|Any CPU
		{97B4B6C0-15D3-4F0A-9913-50E217DA782A}.DVD-5|Any CPU.ActiveCfg = Debug|Any CPU
		{97B4B6C0-15D3-4F0A-9913-50E217DA782A}.DVD-5|Any CPU.Build.0 = Debug|Any CPU
		{97B4B6C0-15D3-4F0A-9913-50E217DA782A}.Release|Any CPU.ActiveCfg = Release|Any CPU
		{97B4B6C0-15D3-4F0A-9913-50E217DA782A}.Release|Any CPU.Build.0 = Release|Any CPU
		{97B4B6C0-15D3-4F0A-9913-50E217DA782A}.SingleImage|Any CPU.ActiveCfg = Release|Any CPU
		{97B4B6C0-15D3-4F0A-9913-50E217DA782A}.SingleImage|Any CPU.Build.0 = Release|Any CPU
	EndGlobalSection
	GlobalSection(SolutionProperties) = preSolution
		HideSolutionNode = FALSE
	EndGlobalSection
EndGlobal
